
Microsoft Visual Studio Solution File, Format Version 12.00
Project("{FAE04EC0-301F-11D3-BF4B-00C04F79EFBC}") = "VTICGroup", "VTICGroup\VTICGroup.csproj", "{CA459402-5006-4427-B8FB-DFC31FA8DE73}"
EndProject
Global
	GlobalSection(SolutionConfigurationPlatforms) = preSolution
		Debug|Any CPU = Debug|Any CPU
		Release|Any CPU = Release|Any CPU
	EndGlobalSection
	GlobalSection(ProjectConfigurationPlatforms) = postSolution
		{CA459402-5006-4427-B8FB-DFC31FA8DE73}.Debug|Any CPU.ActiveCfg = Debug|Any CPU
		{CA459402-5006-4427-B8FB-DFC31FA8DE73}.Debug|Any CPU.Build.0 = Debug|Any CPU
		{CA459402-5006-4427-B8FB-DFC31FA8DE73}.Release|Any CPU.ActiveCfg = Release|Any CPU
		{CA459402-5006-4427-B8FB-DFC31FA8DE73}.Release|Any CPU.Build.0 = Release|Any CPU
	EndGlobalSection
EndGlobal
